
Microsoft Visual Studio Solution File, Format Version 12.00
# Visual Studio Version 17
VisualStudioVersion = 17.11.35222.181
MinimumVisualStudioVersion = 10.0.40219.1
Project("{FAE04EC0-301F-11D3-BF4B-00C04F79EFBC}") = "WebServer", "WebServer\WebServer.csproj", "{B07C264A-B762-4E7E-A69A-23C780550623}"
EndProject
Global
	GlobalSection(SolutionConfigurationPlatforms) = preSolution
		Debug|Any CPU = Debug|Any CPU
		Release|Any CPU = Release|Any CPU
	EndGlobalSection
	GlobalSection(ProjectConfigurationPlatforms) = postSolution
		{B07C264A-B762-4E7E-A69A-23C780550623}.Debug|Any CPU.ActiveCfg = Debug|Any CPU
		{B07C264A-B762-4E7E-A69A-23C780550623}.Debug|Any CPU.Build.0 = Debug|Any CPU
		{B07C264A-B762-4E7E-A69A-23C780550623}.Release|Any CPU.ActiveCfg = Release|Any CPU
		{B07C264A-B762-4E7E-A69A-23C780550623}.Release|Any CPU.Build.0 = Release|Any CPU
	EndGlobalSection
	GlobalSection(SolutionProperties) = preSolution
		HideSolutionNode = FALSE
	EndGlobalSection
	GlobalSection(ExtensibilityGlobals) = postSolution
		SolutionGuid = {F9DC789F-2A5D-4D67-B3DA-3E5E32D4AAA5}
	EndGlobalSection
EndGlobal
